
Microsoft Visual Studio Solution File, Format Version 12.00
# Visual Studio Version 17
VisualStudioVersion = 17.12.35506.116 d17.12
MinimumVisualStudioVersion = 10.0.40219.1
Project("{2150E333-8FDC-42A3-9474-1A3956D46DE8}") = "src", "src", "{FACD1529-121D-4098-A597-DFC38C64FACE}"
EndProject
Project("{2150E333-8FDC-42A3-9474-1A3956D46DE8}") = "services", "services", "{7B734490-201B-45C2-B885-EEA5DE4B0763}"
EndProject
Global
	GlobalSection(SolutionProperties) = preSolution
		HideSolutionNode = FALSE
	EndGlobalSection
	GlobalSection(NestedProjects) = preSolution
		{7B734490-201B-45C2-B885-EEA5DE4B0763} = {FACD1529-121D-4098-A597-DFC38C64FACE}
	EndGlobalSection
EndGlobal
